
Microsoft Visual Studio Solution File, Format Version 12.00
# Visual Studio 14
VisualStudioVersion = 14.0.23107.0
MinimumVisualStudioVersion = 10.0.40219.1
Project("{FAE04EC0-301F-11D3-BF4B-00C04F79EFBC}") = "ProjectManager", "ProjectManager\ProjectManager.csproj", "{1B6A790E-522A-4FF5-AB23-9D766AB8A98C}"
EndProject
Project("{FAE04EC0-301F-11D3-BF4B-00C04F79EFBC}") = "ProjectManagerDataLayer", "ProjectManagerDataLayer\ProjectManagerDataLayer.csproj", "{78E836BE-193A-4850-B4AA-528389F9E794}"
EndProject
Global
	GlobalSection(SolutionConfigurationPlatforms) = preSolution
		Debug|Any CPU = Debug|Any CPU
		Release|Any CPU = Release|Any CPU
	EndGlobalSection
	GlobalSection(ProjectConfigurationPlatforms) = postSolution
		{1B6A790E-522A-4FF5-AB23-9D766AB8A98C}.Debug|Any CPU.ActiveCfg = Debug|Any CPU
		{1B6A790E-522A-4FF5-AB23-9D766AB8A98C}.Debug|Any CPU.Build.0 = Debug|Any CPU
		{1B6A790E-522A-4FF5-AB23-9D766AB8A98C}.Release|Any CPU.ActiveCfg = Release|Any CPU
		{1B6A790E-522A-4FF5-AB23-9D766AB8A98C}.Release|Any CPU.Build.0 = Release|Any CPU
		{78E836BE-193A-4850-B4AA-528389F9E794}.Debug|Any CPU.ActiveCfg = Debug|Any CPU
		{78E836BE-193A-4850-B4AA-528389F9E794}.Debug|Any CPU.Build.0 = Debug|Any CPU
		{78E836BE-193A-4850-B4AA-528389F9E794}.Release|Any CPU.ActiveCfg = Release|Any CPU
		{78E836BE-193A-4850-B4AA-528389F9E794}.Release|Any CPU.Build.0 = Release|Any CPU
	EndGlobalSection
	GlobalSection(SolutionProperties) = preSolution
		HideSolutionNode = FALSE
	EndGlobalSection
EndGlobal
