
Microsoft Visual Studio Solution File, Format Version 12.00
# Visual Studio 14
VisualStudioVersion = 14.0.23107.0
MinimumVisualStudioVersion = 10.0.40219.1
Project("{FAE04EC0-301F-11D3-BF4B-00C04F79EFBC}") = "PMView", "ProjectManager\PMView.csproj", "{1B6A790E-522A-4FF5-AB23-9D766AB8A98C}"
EndProject
Project("{FAE04EC0-301F-11D3-BF4B-00C04F79EFBC}") = "Core", "Core\Core.csproj", "{2B6B7B7B-E028-4410-9AD9-10199AE81ACA}"
EndProject
Project("{FAE04EC0-301F-11D3-BF4B-00C04F79EFBC}") = "ProjectsScreenPlugin", "..\..\Visual Studio 2015\Projects\ProjectsScreenPlugin\ProjectsScreenPlugin\ProjectsScreenPlugin.csproj", "{ACAB1769-FD25-44BA-AB47-BAE9759AC70E}"
EndProject
Project("{FAE04EC0-301F-11D3-BF4B-00C04F79EFBC}") = "UserStore.DAL", "ProjectManagerSite\UserStore\UserStore.DAL\UserStore.DAL.csproj", "{C7FC9EB3-7680-4D0D-826C-913867FB8F96}"
EndProject
Global
	GlobalSection(SolutionConfigurationPlatforms) = preSolution
		Debug|Any CPU = Debug|Any CPU
		Release|Any CPU = Release|Any CPU
	EndGlobalSection
	GlobalSection(ProjectConfigurationPlatforms) = postSolution
		{1B6A790E-522A-4FF5-AB23-9D766AB8A98C}.Debug|Any CPU.ActiveCfg = Debug|Any CPU
		{1B6A790E-522A-4FF5-AB23-9D766AB8A98C}.Debug|Any CPU.Build.0 = Debug|Any CPU
		{1B6A790E-522A-4FF5-AB23-9D766AB8A98C}.Release|Any CPU.ActiveCfg = Release|Any CPU
		{1B6A790E-522A-4FF5-AB23-9D766AB8A98C}.Release|Any CPU.Build.0 = Release|Any CPU
		{2B6B7B7B-E028-4410-9AD9-10199AE81ACA}.Debug|Any CPU.ActiveCfg = Debug|Any CPU
		{2B6B7B7B-E028-4410-9AD9-10199AE81ACA}.Debug|Any CPU.Build.0 = Debug|Any CPU
		{2B6B7B7B-E028-4410-9AD9-10199AE81ACA}.Release|Any CPU.ActiveCfg = Release|Any CPU
		{2B6B7B7B-E028-4410-9AD9-10199AE81ACA}.Release|Any CPU.Build.0 = Release|Any CPU
		{ACAB1769-FD25-44BA-AB47-BAE9759AC70E}.Debug|Any CPU.ActiveCfg = Debug|Any CPU
		{ACAB1769-FD25-44BA-AB47-BAE9759AC70E}.Debug|Any CPU.Build.0 = Debug|Any CPU
		{ACAB1769-FD25-44BA-AB47-BAE9759AC70E}.Release|Any CPU.ActiveCfg = Release|Any CPU
		{ACAB1769-FD25-44BA-AB47-BAE9759AC70E}.Release|Any CPU.Build.0 = Release|Any CPU
		{C7FC9EB3-7680-4D0D-826C-913867FB8F96}.Debug|Any CPU.ActiveCfg = Debug|Any CPU
		{C7FC9EB3-7680-4D0D-826C-913867FB8F96}.Debug|Any CPU.Build.0 = Debug|Any CPU
		{C7FC9EB3-7680-4D0D-826C-913867FB8F96}.Release|Any CPU.ActiveCfg = Release|Any CPU
		{C7FC9EB3-7680-4D0D-826C-913867FB8F96}.Release|Any CPU.Build.0 = Release|Any CPU
	EndGlobalSection
	GlobalSection(SolutionProperties) = preSolution
		HideSolutionNode = FALSE
	EndGlobalSection
EndGlobal
